// !$*UTF8*$!
{
	archiveVersion = 1;
	classes = {
	};
	objectVersion = 50;
	objects = {

/* Begin PBXBuildFile section */
		B352FE05228A589100A9FC04 /* diet_bak.cpp in Sources */ = {isa = PBXBuildFile; fileRef = B352FE04228A589100A9FC04 /* diet_bak.cpp */; };
		B352FE13228F218A00A9FC04 /* diet.cpp in Sources */ = {isa = PBXBuildFile; fileRef = B352FE11228F218A00A9FC04 /* diet.cpp */; };
		B352FE17228FC00700A9FC04 /* hello.cpp in Sources */ = {isa = PBXBuildFile; fileRef = B352FE15228FC00700A9FC04 /* hello.cpp */; };
/* End PBXBuildFile section */

/* Begin PBXCopyFilesBuildPhase section */
		B352FDFF228A589100A9FC04 /* CopyFiles */ = {
			isa = PBXCopyFilesBuildPhase;
			buildActionMask = 2147483647;
			dstPath = /usr/share/man/man1/;
			dstSubfolderSpec = 0;
			files = (
			);
			runOnlyForDeploymentPostprocessing = 1;
		};
/* End PBXCopyFilesBuildPhase section */

/* Begin PBXFileReference section */
		B352FE01228A589100A9FC04 /* A10-diet */ = {isa = PBXFileReference; explicitFileType = "compiled.mach-o.executable"; includeInIndex = 0; path = "A10-diet"; sourceTree = BUILT_PRODUCTS_DIR; };
		B352FE04228A589100A9FC04 /* diet_bak.cpp */ = {isa = PBXFileReference; lastKnownFileType = sourcecode.cpp.cpp; path = diet_bak.cpp; sourceTree = "<group>"; };
		B352FE0B228AA3B200A9FC04 /* 3.inp */ = {isa = PBXFileReference; fileEncoding = 4; lastKnownFileType = text; path = 3.inp; sourceTree = "<group>"; };
		B352FE0C228AA3B200A9FC04 /* 3.out */ = {isa = PBXFileReference; fileEncoding = 4; lastKnownFileType = text; path = 3.out; sourceTree = "<group>"; };
		B352FE0D228AA3B200A9FC04 /* 1.out */ = {isa = PBXFileReference; fileEncoding = 4; lastKnownFileType = text; path = 1.out; sourceTree = "<group>"; };
		B352FE0E228AA3B200A9FC04 /* 1.inp */ = {isa = PBXFileReference; fileEncoding = 4; lastKnownFileType = text; path = 1.inp; sourceTree = "<group>"; };
		B352FE0F228AA3B200A9FC04 /* 2.out */ = {isa = PBXFileReference; fileEncoding = 4; lastKnownFileType = text; path = 2.out; sourceTree = "<group>"; };
		B352FE10228AA3B200A9FC04 /* 2.inp */ = {isa = PBXFileReference; fileEncoding = 4; lastKnownFileType = text; path = 2.inp; sourceTree = "<group>"; };
		B352FE11228F218A00A9FC04 /* diet.cpp */ = {isa = PBXFileReference; lastKnownFileType = sourcecode.cpp.cpp; path = diet.cpp; sourceTree = "<group>"; };
		B352FE14228F21DE00A9FC04 /* diet.out */ = {isa = PBXFileReference; fileEncoding = 4; lastKnownFileType = text; path = diet.out; sourceTree = "<group>"; };
		B352FE15228FC00700A9FC04 /* hello.cpp */ = {isa = PBXFileReference; lastKnownFileType = sourcecode.cpp.cpp; path = hello.cpp; sourceTree = "<group>"; };
/* End PBXFileReference section */

/* Begin PBXFrameworksBuildPhase section */
		B352FDFE228A589100A9FC04 /* Frameworks */ = {
			isa = PBXFrameworksBuildPhase;
			buildActionMask = 2147483647;
			files = (
			);
			runOnlyForDeploymentPostprocessing = 0;
		};
/* End PBXFrameworksBuildPhase section */

/* Begin PBXGroup section */
		B352FDF8228A589100A9FC04 = {
			isa = PBXGroup;
			children = (
				B352FE03228A589100A9FC04 /* A10-diet */,
				B352FE02228A589100A9FC04 /* Products */,
			);
			sourceTree = "<group>";
		};
		B352FE02228A589100A9FC04 /* Products */ = {
			isa = PBXGroup;
			children = (
				B352FE01228A589100A9FC04 /* A10-diet */,
			);
			name = Products;
			sourceTree = "<group>";
		};
		B352FE03228A589100A9FC04 /* A10-diet */ = {
			isa = PBXGroup;
			children = (
				B352FE0E228AA3B200A9FC04 /* 1.inp */,
				B352FE0D228AA3B200A9FC04 /* 1.out */,
				B352FE10228AA3B200A9FC04 /* 2.inp */,
				B352FE0F228AA3B200A9FC04 /* 2.out */,
				B352FE0B228AA3B200A9FC04 /* 3.inp */,
				B352FE0C228AA3B200A9FC04 /* 3.out */,
				B352FE04228A589100A9FC04 /* diet_bak.cpp */,
				B352FE14228F21DE00A9FC04 /* diet.out */,
				B352FE11228F218A00A9FC04 /* diet.cpp */,
				B352FE15228FC00700A9FC04 /* hello.cpp */,
			);
			path = "A10-diet";
			sourceTree = "<group>";
		};
/* End PBXGroup section */

/* Begin PBXNativeTarget section */
		B352FE00228A589100A9FC04 /* A10-diet */ = {
			isa = PBXNativeTarget;
			buildConfigurationList = B352FE08228A589100A9FC04 /* Build configuration list for PBXNativeTarget "A10-diet" */;
			buildPhases = (
				B352FDFD228A589100A9FC04 /* Sources */,
				B352FDFE228A589100A9FC04 /* Frameworks */,
				B352FDFF228A589100A9FC04 /* CopyFiles */,
			);
			buildRules = (
			);
			dependencies = (
			);
			name = "A10-diet";
			productName = "A10-diet";
			productReference = B352FE01228A589100A9FC04 /* A10-diet */;
			productType = "com.apple.product-type.tool";
		};
/* End PBXNativeTarget section */

/* Begin PBXProject section */
		B352FDF9228A589100A9FC04 /* Project object */ = {
			isa = PBXProject;
			attributes = {
				LastUpgradeCheck = 1020;
				ORGANIZATIONNAME = "Young-il Seo";
				TargetAttributes = {
					B352FE00228A589100A9FC04 = {
						CreatedOnToolsVersion = 10.2.1;
					};
				};
			};
			buildConfigurationList = B352FDFC228A589100A9FC04 /* Build configuration list for PBXProject "A10-diet" */;
			compatibilityVersion = "Xcode 9.3";
			developmentRegion = en;
			hasScannedForEncodings = 0;
			knownRegions = (
				en,
			);
			mainGroup = B352FDF8228A589100A9FC04;
			productRefGroup = B352FE02228A589100A9FC04 /* Products */;
			projectDirPath = "";
			projectRoot = "";
			targets = (
				B352FE00228A589100A9FC04 /* A10-diet */,
			);
		};
/* End PBXProject section */

/* Begin PBXSourcesBuildPhase section */
		B352FDFD228A589100A9FC04 /* Sources */ = {
			isa = PBXSourcesBuildPhase;
			buildActionMask = 2147483647;
			files = (
				B352FE05228A589100A9FC04 /* diet_bak.cpp in Sources */,
				B352FE17228FC00700A9FC04 /* hello.cpp in Sources */,
				B352FE13228F218A00A9FC04 /* diet.cpp in Sources */,
			);
			runOnlyForDeploymentPostprocessing = 0;
		};
/* End PBXSourcesBuildPhase section */

/* Begin XCBuildConfiguration section */
		B352FE06228A589100A9FC04 /* Debug */ = {
			isa = XCBuildConfiguration;
			buildSettings = {
				ALWAYS_SEARCH_USER_PATHS = NO;
				CLANG_ANALYZER_NONNULL = YES;
				CLANG_ANALYZER_NUMBER_OBJECT_CONVERSION = YES_AGGRESSIVE;
				CLANG_CXX_LANGUAGE_STANDARD = "gnu++14";
				CLANG_CXX_LIBRARY = "libc++";
				CLANG_ENABLE_MODULES = YES;
				CLANG_ENABLE_OBJC_ARC = YES;
				CLANG_ENABLE_OBJC_WEAK = YES;
				CLANG_WARN_BLOCK_CAPTURE_AUTORELEASING = YES;
				CLANG_WARN_BOOL_CONVERSION = YES;
				CLANG_WARN_COMMA = YES;
				CLANG_WARN_CONSTANT_CONVERSION = YES;
				CLANG_WARN_DEPRECATED_OBJC_IMPLEMENTATIONS = YES;
				CLANG_WARN_DIRECT_OBJC_ISA_USAGE = YES_ERROR;
				CLANG_WARN_DOCUMENTATION_COMMENTS = YES;
				CLANG_WARN_EMPTY_BODY = YES;
				CLANG_WARN_ENUM_CONVERSION = YES;
				CLANG_WARN_INFINITE_RECURSION = YES;
				CLANG_WARN_INT_CONVERSION = YES;
				CLANG_WARN_NON_LITERAL_NULL_CONVERSION = YES;
				CLANG_WARN_OBJC_IMPLICIT_RETAIN_SELF = YES;
				CLANG_WARN_OBJC_LITERAL_CONVERSION = YES;
				CLANG_WARN_OBJC_ROOT_CLASS = YES_ERROR;
				CLANG_WARN_RANGE_LOOP_ANALYSIS = YES;
				CLANG_WARN_STRICT_PROTOTYPES = YES;
				CLANG_WARN_SUSPICIOUS_MOVE = YES;
				CLANG_WARN_UNGUARDED_AVAILABILITY = YES_AGGRESSIVE;
				CLANG_WARN_UNREACHABLE_CODE = YES;
				CLANG_WARN__DUPLICATE_METHOD_MATCH = YES;
				CODE_SIGN_IDENTITY = "-";
				COPY_PHASE_STRIP = NO;
				DEBUG_INFORMATION_FORMAT = dwarf;
				ENABLE_STRICT_OBJC_MSGSEND = YES;
				ENABLE_TESTABILITY = YES;
				GCC_C_LANGUAGE_STANDARD = gnu11;
				GCC_DYNAMIC_NO_PIC = NO;
				GCC_NO_COMMON_BLOCKS = YES;
				GCC_OPTIMIZATION_LEVEL = 0;
				GCC_PREPROCESSOR_DEFINITIONS = (
					"DEBUG=1",
					"$(inherited)",
				);
				GCC_WARN_64_TO_32_BIT_CONVERSION = YES;
				GCC_WARN_ABOUT_RETURN_TYPE = YES_ERROR;
				GCC_WARN_UNDECLARED_SELECTOR = YES;
				GCC_WARN_UNINITIALIZED_AUTOS = YES_AGGRESSIVE;
				GCC_WARN_UNUSED_FUNCTION = YES;
				GCC_WARN_UNUSED_VARIABLE = YES;
				MACOSX_DEPLOYMENT_TARGET = 10.14;
				MTL_ENABLE_DEBUG_INFO = INCLUDE_SOURCE;
				MTL_FAST_MATH = YES;
				ONLY_ACTIVE_ARCH = YES;
				SDKROOT = macosx;
			};
			name = Debug;
		};
		B352FE07228A589100A9FC04 /* Release */ = {
			isa = XCBuildConfiguration;
			buildSettings = {
				ALWAYS_SEARCH_USER_PATHS = NO;
				CLANG_ANALYZER_NONNULL = YES;
				CLANG_ANALYZER_NUMBER_OBJECT_CONVERSION = YES_AGGRESSIVE;
				CLANG_CXX_LANGUAGE_STANDARD = "gnu++14";
				CLANG_CXX_LIBRARY = "libc++";
				CLANG_ENABLE_MODULES = YES;
				CLANG_ENABLE_OBJC_ARC = YES;
				CLANG_ENABLE_OBJC_WEAK = YES;
				CLANG_WARN_BLOCK_CAPTURE_AUTORELEASING = YES;
				CLANG_WARN_BOOL_CONVERSION = YES;
				CLANG_WARN_COMMA = YES;
				CLANG_WARN_CONSTANT_CONVERSION = YES;
				CLANG_WARN_DEPRECATED_OBJC_IMPLEMENTATIONS = YES;
				CLANG_WARN_DIRECT_OBJC_ISA_USAGE = YES_ERROR;
				CLANG_WARN_DOCUMENTATION_COMMENTS = YES;
				CLANG_WARN_EMPTY_BODY = YES;
				CLANG_WARN_ENUM_CONVERSION = YES;
				CLANG_WARN_INFINITE_RECURSION = YES;
				CLANG_WARN_INT_CONVERSION = YES;
				CLANG_WARN_NON_LITERAL_NULL_CONVERSION = YES;
				CLANG_WARN_OBJC_IMPLICIT_RETAIN_SELF = YES;
				CLANG_WARN_OBJC_LITERAL_CONVERSION = YES;
				CLANG_WARN_OBJC_ROOT_CLASS = YES_ERROR;
				CLANG_WARN_RANGE_LOOP_ANALYSIS = YES;
				CLANG_WARN_STRICT_PROTOTYPES = YES;
				CLANG_WARN_SUSPICIOUS_MOVE = YES;
				CLANG_WARN_UNGUARDED_AVAILABILITY = YES_AGGRESSIVE;
				CLANG_WARN_UNREACHABLE_CODE = YES;
				CLANG_WARN__DUPLICATE_METHOD_MATCH = YES;
				CODE_SIGN_IDENTITY = "-";
				COPY_PHASE_STRIP = NO;
				DEBUG_INFORMATION_FORMAT = "dwarf-with-dsym";
				ENABLE_NS_ASSERTIONS = NO;
				ENABLE_STRICT_OBJC_MSGSEND = YES;
				GCC_C_LANGUAGE_STANDARD = gnu11;
				GCC_NO_COMMON_BLOCKS = YES;
				GCC_WARN_64_TO_32_BIT_CONVERSION = YES;
				GCC_WARN_ABOUT_RETURN_TYPE = YES_ERROR;
				GCC_WARN_UNDECLARED_SELECTOR = YES;
				GCC_WARN_UNINITIALIZED_AUTOS = YES_AGGRESSIVE;
				GCC_WARN_UNUSED_FUNCTION = YES;
				GCC_WARN_UNUSED_VARIABLE = YES;
				MACOSX_DEPLOYMENT_TARGET = 10.14;
				MTL_ENABLE_DEBUG_INFO = NO;
				MTL_FAST_MATH = YES;
				SDKROOT = macosx;
			};
			name = Release;
		};
		B352FE09228A589100A9FC04 /* Debug */ = {
			isa = XCBuildConfiguration;
			buildSettings = {
				CODE_SIGN_STYLE = Automatic;
				PRODUCT_NAME = "$(TARGET_NAME)";
			};
			name = Debug;
		};
		B352FE0A228A589100A9FC04 /* Release */ = {
			isa = XCBuildConfiguration;
			buildSettings = {
				CODE_SIGN_STYLE = Automatic;
				PRODUCT_NAME = "$(TARGET_NAME)";
			};
			name = Release;
		};
/* End XCBuildConfiguration section */

/* Begin XCConfigurationList section */
		B352FDFC228A589100A9FC04 /* Build configuration list for PBXProject "A10-diet" */ = {
			isa = XCConfigurationList;
			buildConfigurations = (
				B352FE06228A589100A9FC04 /* Debug */,
				B352FE07228A589100A9FC04 /* Release */,
			);
			defaultConfigurationIsVisible = 0;
			defaultConfigurationName = Release;
		};
		B352FE08228A589100A9FC04 /* Build configuration list for PBXNativeTarget "A10-diet" */ = {
			isa = XCConfigurationList;
			buildConfigurations = (
				B352FE09228A589100A9FC04 /* Debug */,
				B352FE0A228A589100A9FC04 /* Release */,
			);
			defaultConfigurationIsVisible = 0;
			defaultConfigurationName = Release;
		};
/* End XCConfigurationList section */
	};
	rootObject = B352FDF9228A589100A9FC04 /* Project object */;
}
